{
  "name": "assets",
  "lockfileVersion": 2,
  "requires": true,
  "packages": {
    "": {
      "dependencies": {
        "phoenix": "^1.6.6",
        "phoenix_html": "^3.2.0"
      }
    },
    "node_modules/phoenix": {
      "version": "1.6.6",
      "resolved": "https://mirrors.zdns.cn/repository/npm/phoenix/-/phoenix-1.6.6.tgz",
      "integrity": "sha512-KLNHVlrZH8UAoEzeCS1XBI9z5juWz0gZ/+No7j5p/byVINnd+del9H5vtBMzQgZa3ZcUjVVZcQR8bKdnH/FmMg==",
      "license": "MIT"
    },
    "node_modules/phoenix_html": {
      "version": "3.2.0",
      "resolved": "https://mirrors.zdns.cn/repository/npm/phoenix_html/-/phoenix_html-3.2.0.tgz",
      "integrity": "sha512-zv7PIZk0MPkF0ax8n465Q6w86+sGAy5cTem6KcbkUbdgxGc0y3WZmzkM2bSlYdSGbLEZfjXxos1G72xXsha6xA=="
    }
  },
  "dependencies": {
    "phoenix": {
      "version": "1.6.6",
      "resolved": "https://mirrors.zdns.cn/repository/npm/phoenix/-/phoenix-1.6.6.tgz",
      "integrity": "sha512-KLNHVlrZH8UAoEzeCS1XBI9z5juWz0gZ/+No7j5p/byVINnd+del9H5vtBMzQgZa3ZcUjVVZcQR8bKdnH/FmMg=="
    },
    "phoenix_html": {
      "version": "3.2.0",
      "resolved": "https://mirrors.zdns.cn/repository/npm/phoenix_html/-/phoenix_html-3.2.0.tgz",
      "integrity": "sha512-zv7PIZk0MPkF0ax8n465Q6w86+sGAy5cTem6KcbkUbdgxGc0y3WZmzkM2bSlYdSGbLEZfjXxos1G72xXsha6xA=="
    }
  }
}
